
Microsoft Visual Studio Solution File, Format Version 12.00
# Visual Studio Version 17
VisualStudioVersion = 17.8.34330.188
MinimumVisualStudioVersion = 10.0.40219.1
Project("{FAE04EC0-301F-11D3-BF4B-00C04F79EFBC}") = "Uygulama24", "Uygulama24\Uygulama24.csproj", "{D77B95CF-1B6A-4981-8CEA-BA4D35470F96}"
EndProject
Global
	GlobalSection(SolutionConfigurationPlatforms) = preSolution
		Debug|Any CPU = Debug|Any CPU
		Release|Any CPU = Release|Any CPU
	EndGlobalSection
	GlobalSection(ProjectConfigurationPlatforms) = postSolution
		{D77B95CF-1B6A-4981-8CEA-BA4D35470F96}.Debug|Any CPU.ActiveCfg = Debug|Any CPU
		{D77B95CF-1B6A-4981-8CEA-BA4D35470F96}.Debug|Any CPU.Build.0 = Debug|Any CPU
		{D77B95CF-1B6A-4981-8CEA-BA4D35470F96}.Release|Any CPU.ActiveCfg = Release|Any CPU
		{D77B95CF-1B6A-4981-8CEA-BA4D35470F96}.Release|Any CPU.Build.0 = Release|Any CPU
	EndGlobalSection
	GlobalSection(SolutionProperties) = preSolution
		HideSolutionNode = FALSE
	EndGlobalSection
	GlobalSection(ExtensibilityGlobals) = postSolution
		SolutionGuid = {C358FA0F-8915-4B7A-81D4-862927DDEAF8}
	EndGlobalSection
EndGlobal
